{
  "schema_version": 1,
  "map_kind": "merged-current-tree",
  "source_commit": "c18af9c9",
  "generated_at": "2026-08-12T00:00:00Z",
  "source_tree_was_clean": true,
  "scope": [
    "package-lock.json",
    "package.json",
    "src/server/routes/PlayerInput.ts",
    "src/server/server.ts",
    "src/server/server/requestProcessor.ts",
    "src/server/server/SentryProcessBoundary.ts",
    "src/server/server/SentryReporter.ts",
    "tests/routes/PlayerInput.spec.ts",
    "tests/server/requestProcessor.spec.ts",
    "tests/server/server/SentryProcessBoundary.spec.ts",
    "tests/server/server/SentryReporter.spec.ts"
  ],
  "excluded_directories": [
    ".git",
    ".kittify",
    "build",
    "coverage",
    "docs/codemap",
    "node_modules"
  ],
  "fingerprint_algorithm": "sha256(UTF-8 join of sorted path + NUL + lowercase per-file SHA-256 records, separated by LF)",
  "scope_excludes_codemap_artifacts": true,
  "file_fingerprints": {
    "package-lock.json": "80f97d0980bf623a1bbe92cb082c08d50dd7707aa9f9456d59c2b19ba217aecc",
    "package.json": "34fc05a21fdc29e438d06aee9b6a30ee7d5ab35d41c2a95e2f2179cca7ae1bdd",
    "src/server/routes/PlayerInput.ts": "9aedef56664c7467e91f8c03dfacedc9e9ef5fd781c30c7b3fe46b6681fd668c",
    "src/server/server.ts": "6e6f0b703740fb4423222a4bd719d910f5b1133082f1019c6cc665efa48a9098",
    "src/server/server/requestProcessor.ts": "10ad6b63c10e470a244ff06b317e4fd4738c2da1d2550280b176c0a2f0ea7a8b",
    "src/server/server/SentryProcessBoundary.ts": "002a2c736bac792bcc1bc8f774bb163d59aee7aa08135907d1cefe98877b5a01",
    "src/server/server/SentryReporter.ts": "f4ea379cc2178038b9ba1c35271647444560ba11f155ab114dc92112fbbac64e",
    "tests/routes/PlayerInput.spec.ts": "becd48cbf2ba763f4d5de3167895e1564e2abe1028864eaf1d9cd0fd63e8ed37",
    "tests/server/requestProcessor.spec.ts": "a38c08c35d26c9fe4461a49f15ebe74e509088799be439b46ff44e6fef254579",
    "tests/server/server/SentryProcessBoundary.spec.ts": "6cfbcd8df2c6d4b82612e63102decd718776373e569db3429e9ade9c884883f4",
    "tests/server/server/SentryReporter.spec.ts": "62dae695849572671526630c507080b7f056b8a8a44694a9fc98df3c1b9ffd80"
  },
  "scope_fingerprint": "acf23a11e464a22111e1d1eea0a1fb0ad16cd51ac64c5426c605379284f8d2fa",
  "changed_modules": [
    "package-lock.json",
    "package.json",
    "src/server/routes/PlayerInput.ts",
    "src/server/server.ts",
    "src/server/server/requestProcessor.ts",
    "src/server/server/SentryProcessBoundary.ts",
    "src/server/server/SentryReporter.ts",
    "tests/routes/PlayerInput.spec.ts",
    "tests/server/requestProcessor.spec.ts",
    "tests/server/server/SentryProcessBoundary.spec.ts",
    "tests/server/server/SentryReporter.spec.ts"
  ],
  "new_modules": [
    "src/server/server/SentryProcessBoundary.ts",
    "src/server/server/SentryReporter.ts",
    "tests/server/server/SentryProcessBoundary.spec.ts",
    "tests/server/server/SentryReporter.spec.ts"
  ],
  "removed_modules": [],
  "comparison": "Актуальная карта main объединена с Sentry callers и privacy boundary; fingerprint относится к исходникам и тестам, а не к самим codemap-файлам."
}
