{
  "schema_version": 1,
  "map_kind": "scoped-replay-update",
  "source_commit": "04b6bca7ccaf5329f182ea41233e8cd687472458",
  "generated_at": "2026-09-06T20:47:37.131Z",
  "source_tree_was_clean": false,
  "scope": [
    "package-lock.json",
    "package.json",
    "scripts/README-staging.md",
    "scripts/capture_tm_release_state.ps1",
    "scripts/deploy_tm_server.ps1",
    "scripts/deploy_tm_staging.ps1",
    "scripts/lib/TmSentryRelease.ps1",
    "scripts/lib/tm_sentry_release_remote.py",
    "scripts/report_tm_sentry_release.ps1",
    "scripts/rollout_tm_server.ps1",
    "scripts/smoke_tm_staging.ps1",
    "scripts/test_tm_release_guards.ps1",
    "scripts/test_tm_sentry_release.ps1",
    "scripts/tests/test_tm_sentry_release_remote.py",
    "src/client/components/App.vue",
    "src/client/components/GameEnd.vue",
    "src/client/components/SpectatorHome.vue",
    "src/client/components/overview/PlayerInfo.vue",
    "src/client/components/overview/PlayersOverview.vue",
    "src/client/components/replay/ReplayHome.vue",
    "src/client/components/replay/useReplay.ts",
    "src/common/Timer.ts",
    "src/common/app/paths.ts",
    "src/common/models/ReplayModel.ts",
    "src/locales/ru/replay.json",
    "src/server/Game.ts",
    "src/server/Player.ts",
    "src/server/models/ServerModel.ts",
    "src/server/replay/ReplayFrame.ts",
    "src/server/routes/ApiReplay.ts",
    "src/server/routes/PlayerInput.ts",
    "src/server/server.ts",
    "src/server/server/SentryProcessBoundary.ts",
    "src/server/server/SentryReporter.ts",
    "src/server/server/requestProcessor.ts",
    "tests/client/components/App.spec.ts",
    "tests/client/components/GameEnd.spec.ts",
    "tests/client/components/SpectatorHome.spec.ts",
    "tests/client/components/overview/PlayersOverview.spec.ts",
    "tests/client/components/replay/ReplayHome.spec.ts",
    "tests/client/components/replay/useReplay.spec.ts",
    "tests/database/ReplayArchive.spec.ts",
    "tests/replay/ReplayFrame.spec.ts",
    "tests/replay/ReplayView.spec.ts",
    "tests/routes/ApiReplay.spec.ts",
    "tests/routes/PlayerInput.spec.ts",
    "tests/server/requestProcessor.spec.ts",
    "tests/server/server/SentryProcessBoundary.spec.ts",
    "tests/server/server/SentryReporter.spec.ts"
  ],
  "excluded_directories": [
    ".git",
    ".kittify",
    "build",
    "coverage",
    "docs/codemap",
    "node_modules"
  ],
  "fingerprint_algorithm": "sha256(UTF-8 join of sorted path + NUL + lowercase per-file SHA-256 records, separated by LF)",
  "scope_excludes_codemap_artifacts": true,
  "file_fingerprints": {
    "package-lock.json": "b247703316b5e95df132975c89745dd51d72e5331f9b3a82b1f7249395098b08",
    "package.json": "6e843e503d74fd7ea9cdc73f2dc11b6ddb16113ec3cb1409a431797a33964fb9",
    "scripts/README-staging.md": "b10c1571c02345e753fd3dfb8792e633861dc638a62a9892fd409d986a5afc90",
    "scripts/capture_tm_release_state.ps1": "1d9926a1c38f202ac9a7d89289d0f83e0357fd7ce6028c2cf4db175697ca2fb7",
    "scripts/deploy_tm_server.ps1": "68939195c83862c52c582db2e493c859898348da0d879c0c38a45dd02246c420",
    "scripts/deploy_tm_staging.ps1": "1f2970e3296592c54838ea1709eb323c5209e8c166511152546061c0ca759eb7",
    "scripts/lib/TmSentryRelease.ps1": "02b6f39a15e5810c10ed522cc5f6bb02b33388dd685825b348a7f504a53d8ec1",
    "scripts/lib/tm_sentry_release_remote.py": "9ff9498618b4720d20bb701b06a32382288ea9e450246da9d56d8e56baaf399e",
    "scripts/report_tm_sentry_release.ps1": "b8bd70819d77acdfaeca19b05a41995d0064de0497935d4f396c6e41557d78ce",
    "scripts/rollout_tm_server.ps1": "09f5021f345d4890aae5e84fed4284ab2b57204683c9ca00bf22e274cd218728",
    "scripts/smoke_tm_staging.ps1": "30a635ef5cb779d71231e8a039df0ef4f9888ae09ee2b66a6ff83f5f7b88546c",
    "scripts/test_tm_release_guards.ps1": "ab1e7ab9b88ddae3a9bc24a540d1cd64b31570fc0867ebbc84af72e1ed7b0d52",
    "scripts/test_tm_sentry_release.ps1": "09d9e1d40d0892b6943696ea5201b7571ae3e9878ed8bea8be5b9e1f57120ed0",
    "scripts/tests/test_tm_sentry_release_remote.py": "882f61e6daf7d2c3a84b94ebe12fe42c2178f89734de657235debc1a9da03a40",
    "src/client/components/App.vue": "9dfdfcd9c5047e50cf098bd5aa0ff07b4d0c8a0959976eb76eb5b95d58b8e6a6",
    "src/client/components/GameEnd.vue": "4d15a7da0055ee73b3e619f603bdacb4224e9aa780c3688073991431d45c3724",
    "src/client/components/SpectatorHome.vue": "35a69129536ae32d88f0bcd7e7a3c7628ae9ffa60a77c85b39dbf35e5b876b01",
    "src/client/components/overview/PlayerInfo.vue": "4bb3cc972bf450688ddad23ba8bf3ba2f315ae6b38d0bdcd37d97fcca671db2c",
    "src/client/components/overview/PlayersOverview.vue": "3c0705df3924b54877b60e2ba775dca43552a3b6fd4d81cc173cce7ab8102172",
    "src/client/components/replay/ReplayHome.vue": "acc942fb6e909beed90328678a4d5a580cce417a5f7ab243f1747fafe334463d",
    "src/client/components/replay/useReplay.ts": "7162047552c684ad9c6c65c4a189e0214b692e00c5751362c1e8d7c85cad2158",
    "src/common/Timer.ts": "594098d13abd04b37a9a322478a1d3617501d808c7e7a552e721486674d0511d",
    "src/common/app/paths.ts": "435b2322370efeab6463066dc4c5006964888e72cc9d167bd71e31b6eb562589",
    "src/common/models/ReplayModel.ts": "66b8d2f313f1151339c18c65c49897026b5944cab8fa823559e628ca060dcfd6",
    "src/locales/ru/replay.json": "a39565ac9235b48fa239391f995f0109afdacd61e2ed2f79bf53aa1793006809",
    "src/server/Game.ts": "0171c47a9ec5e505bcb1ca4cb9d63e1e2501b62017de7c4a7c19e4fd5061dfcc",
    "src/server/Player.ts": "5535e9ee675bc7501feb33fcb01fb04a9e424507c837c813f1088ad13db62093",
    "src/server/models/ServerModel.ts": "9313ebdd8e5f7d986443cc6714ef59da1324a171be6d29696bdfa3fb3adc6605",
    "src/server/replay/ReplayFrame.ts": "15113377ccabf57e4d6d5e784137e2665822b12e0a0b15213ef0ec438f46d9fe",
    "src/server/routes/ApiReplay.ts": "f361cd59866a5cc8a4390dd0c96f942c1b3830f63f790375bacc5e1d2c5c0646",
    "src/server/routes/PlayerInput.ts": "50cd739f8753dc5d77b1bf682f8a5ca4de157da82ac42a80123cdf65e6e755d4",
    "src/server/server.ts": "6e6f0b703740fb4423222a4bd719d910f5b1133082f1019c6cc665efa48a9098",
    "src/server/server/SentryProcessBoundary.ts": "002a2c736bac792bcc1bc8f774bb163d59aee7aa08135907d1cefe98877b5a01",
    "src/server/server/SentryReporter.ts": "96c63a2feb82924d6b9c87d89f0b59d05f683e48076457e28440977f6f827208",
    "src/server/server/requestProcessor.ts": "bb0311668f454a81c1e25c377031e25eaaeaa94f63f9bde3205ae79dc0a3af64",
    "tests/client/components/App.spec.ts": "f2072aaac771a66716493f7bd749430d897300132c3e624abc95977659925d99",
    "tests/client/components/GameEnd.spec.ts": "5df6d6f0f0198b2429edf39c31a06446dd8837d99b440ab169a6da8e47262b9e",
    "tests/client/components/SpectatorHome.spec.ts": "76877a3c3aba00e60d14ca18cb3361f2741044b45e4fefd92b85c96b5cde4517",
    "tests/client/components/overview/PlayersOverview.spec.ts": "28702be89c4951ce339db90d217015271d53e3b11439f21c9ec802012fb672ab",
    "tests/client/components/replay/ReplayHome.spec.ts": "c1685573800d23939ed0c6d500fb2c0fda880198148efa3956a259dc3ceeb9ed",
    "tests/client/components/replay/useReplay.spec.ts": "f0767b6331d8295d206185bcb8c527442417b904291f39b6962f48cc26e1fa32",
    "tests/database/ReplayArchive.spec.ts": "6837c02123f569946fbd3eb2a065b0aec9a8cba824c631e9bf2c27869598b06e",
    "tests/replay/ReplayFrame.spec.ts": "89d845c02b87867741e3e24ac6af157ff63c56e27233c67898cbf44e7da0a107",
    "tests/replay/ReplayView.spec.ts": "44ff7bc895488435063c72065c37618fc21a5213ee6726971d6ef1ce1ffd8da2",
    "tests/routes/ApiReplay.spec.ts": "752c3f4b08874093110803c3657844f594760e922934d2583a86ee2eff06310c",
    "tests/routes/PlayerInput.spec.ts": "797a56f571f4cc798a16428aca5d5f27dd30cc9730fbfbbd31e152d827523f15",
    "tests/server/requestProcessor.spec.ts": "a38c08c35d26c9fe4461a49f15ebe74e509088799be439b46ff44e6fef254579",
    "tests/server/server/SentryProcessBoundary.spec.ts": "6cfbcd8df2c6d4b82612e63102decd718776373e569db3429e9ade9c884883f4",
    "tests/server/server/SentryReporter.spec.ts": "a78d464170f713bcfa26f5e559762b68996adb788e966757f33e9d2f560e53d4"
  },
  "scope_fingerprint": "6f8200476a6147f8ae8cefe44f00f07a8963f76613378231d4d8da94011a4ee8",
  "changed_modules": [
    "src/common/Timer.ts",
    "src/server/Game.ts",
    "src/server/Player.ts",
    "src/common/models/ReplayModel.ts",
    "src/server/replay/ReplayFrame.ts",
    "tests/replay/ReplayView.spec.ts",
    "tests/replay/ReplayFrame.spec.ts",
    "src/server/routes/ApiReplay.ts",
    "src/server/server/requestProcessor.ts",
    "src/common/app/paths.ts",
    "tests/routes/ApiReplay.spec.ts",
    "tests/database/ReplayArchive.spec.ts",
    "src/client/components/replay/ReplayHome.vue",
    "src/client/components/replay/useReplay.ts",
    "src/client/components/App.vue",
    "src/client/components/SpectatorHome.vue",
    "src/client/components/GameEnd.vue",
    "src/client/components/overview/PlayersOverview.vue",
    "src/client/components/overview/PlayerInfo.vue",
    "tests/client/components/replay/useReplay.spec.ts",
    "tests/client/components/replay/ReplayHome.spec.ts",
    "tests/client/components/App.spec.ts",
    "tests/client/components/overview/PlayersOverview.spec.ts",
    "src/locales/ru/replay.json",
    "tests/client/components/GameEnd.spec.ts",
    "tests/client/components/SpectatorHome.spec.ts"
  ],
  "new_modules": [
    "src/common/models/ReplayModel.ts",
    "src/server/replay/ReplayFrame.ts",
    "tests/replay/ReplayView.spec.ts",
    "tests/replay/ReplayFrame.spec.ts"
  ],
  "removed_modules": [],
  "comparison": "Добавлены связи загрузки для просмотра, публичной проекции и её проверок. Остальные области сохранены из прежней карты; fingerprint охватывает перечисленные исходники и тесты, исключая файлы карты."
}
