{
  "schema_version": 1,
  "map_kind": "merged-current-tree",
  "source_commit": "4144434f",
  "generated_at": "2026-08-13T07:15:00Z",
  "source_tree_was_clean": false,
  "scope": [
    "package-lock.json",
    "package.json",
    "scripts/capture_tm_release_state.ps1",
    "scripts/deploy_tm_server.ps1",
    "scripts/deploy_tm_staging.ps1",
    "scripts/lib/TmSentryRelease.ps1",
    "scripts/lib/tm_sentry_release_remote.py",
    "scripts/README-staging.md",
    "scripts/report_tm_sentry_release.ps1",
    "scripts/rollout_tm_server.ps1",
    "scripts/smoke_tm_staging.ps1",
    "scripts/test_tm_release_guards.ps1",
    "scripts/test_tm_sentry_release.ps1",
    "scripts/tests/test_tm_sentry_release_remote.py",
    "src/server/routes/PlayerInput.ts",
    "src/server/server.ts",
    "src/server/server/requestProcessor.ts",
    "src/server/server/SentryProcessBoundary.ts",
    "src/server/server/SentryReporter.ts",
    "tests/routes/PlayerInput.spec.ts",
    "tests/server/requestProcessor.spec.ts",
    "tests/server/server/SentryProcessBoundary.spec.ts",
    "tests/server/server/SentryReporter.spec.ts"
  ],
  "excluded_directories": [
    ".git",
    ".kittify",
    "build",
    "coverage",
    "docs/codemap",
    "node_modules"
  ],
  "fingerprint_algorithm": "sha256(UTF-8 join of sorted path + NUL + lowercase per-file SHA-256 records, separated by LF)",
  "scope_excludes_codemap_artifacts": true,
  "file_fingerprints": {
    "package-lock.json": "80f97d0980bf623a1bbe92cb082c08d50dd7707aa9f9456d59c2b19ba217aecc",
    "package.json": "34fc05a21fdc29e438d06aee9b6a30ee7d5ab35d41c2a95e2f2179cca7ae1bdd",
    "scripts/capture_tm_release_state.ps1": "1d9926a1c38f202ac9a7d89289d0f83e0357fd7ce6028c2cf4db175697ca2fb7",
    "scripts/deploy_tm_server.ps1": "68939195c83862c52c582db2e493c859898348da0d879c0c38a45dd02246c420",
    "scripts/deploy_tm_staging.ps1": "b43914935dda00c57ac948499d69115ac75fa2ab8b8bd1e66ce967df79203cc6",
    "scripts/lib/TmSentryRelease.ps1": "a68a92a65291cf1cb915df6d9aa1d66cc0399bcdf8b53665c699aa424c63b06b",
    "scripts/lib/tm_sentry_release_remote.py": "c78c7907f2bf50ede3e1dbf4b7b4e2925bf0662fa890845e299e63c5fda98574",
    "scripts/README-staging.md": "ee4c7b9cf0ac4359b5d4952857a89d050ce76c2bd7cc11c495b4582845738a84",
    "scripts/report_tm_sentry_release.ps1": "6466b63591affe9868d5bb9994c1f92c90d26945e4820ec6e27a1a427cc533c9",
    "scripts/rollout_tm_server.ps1": "09f5021f345d4890aae5e84fed4284ab2b57204683c9ca00bf22e274cd218728",
    "scripts/smoke_tm_staging.ps1": "30a635ef5cb779d71231e8a039df0ef4f9888ae09ee2b66a6ff83f5f7b88546c",
    "scripts/test_tm_release_guards.ps1": "35121ead260857cd9c3dc4ce9829d7091cc0e68987373cb85fc8598035a4ce85",
    "scripts/test_tm_sentry_release.ps1": "bfe7d6154b45913e35db72f0f6bbe67f7e2aee7c53da3472c53a25e35ae3274e",
    "scripts/tests/test_tm_sentry_release_remote.py": "0cf717bfbdae3ca40d0d4d4b9969f6b94f4bae4ffa46239289b051c583792acf",
    "src/server/routes/PlayerInput.ts": "9aedef56664c7467e91f8c03dfacedc9e9ef5fd781c30c7b3fe46b6681fd668c",
    "src/server/server.ts": "6e6f0b703740fb4423222a4bd719d910f5b1133082f1019c6cc665efa48a9098",
    "src/server/server/requestProcessor.ts": "10ad6b63c10e470a244ff06b317e4fd4738c2da1d2550280b176c0a2f0ea7a8b",
    "src/server/server/SentryProcessBoundary.ts": "002a2c736bac792bcc1bc8f774bb163d59aee7aa08135907d1cefe98877b5a01",
    "src/server/server/SentryReporter.ts": "96c63a2feb82924d6b9c87d89f0b59d05f683e48076457e28440977f6f827208",
    "tests/routes/PlayerInput.spec.ts": "becd48cbf2ba763f4d5de3167895e1564e2abe1028864eaf1d9cd0fd63e8ed37",
    "tests/server/requestProcessor.spec.ts": "a38c08c35d26c9fe4461a49f15ebe74e509088799be439b46ff44e6fef254579",
    "tests/server/server/SentryProcessBoundary.spec.ts": "6cfbcd8df2c6d4b82612e63102decd718776373e569db3429e9ade9c884883f4",
    "tests/server/server/SentryReporter.spec.ts": "a78d464170f713bcfa26f5e559762b68996adb788e966757f33e9d2f560e53d4"
  },
  "scope_fingerprint": "2a2b8fc14bb47fdc5a8de4fb9c03a1638d13f7873f5176d73cdac8faad5ec944",
  "changed_modules": [
    "package-lock.json",
    "package.json",
    "scripts/capture_tm_release_state.ps1",
    "scripts/deploy_tm_server.ps1",
    "scripts/deploy_tm_staging.ps1",
    "scripts/lib/TmSentryRelease.ps1",
    "scripts/lib/tm_sentry_release_remote.py",
    "scripts/README-staging.md",
    "scripts/report_tm_sentry_release.ps1",
    "scripts/rollout_tm_server.ps1",
    "scripts/smoke_tm_staging.ps1",
    "scripts/test_tm_release_guards.ps1",
    "scripts/test_tm_sentry_release.ps1",
    "scripts/tests/test_tm_sentry_release_remote.py",
    "src/server/routes/PlayerInput.ts",
    "src/server/server.ts",
    "src/server/server/requestProcessor.ts",
    "src/server/server/SentryProcessBoundary.ts",
    "src/server/server/SentryReporter.ts",
    "tests/routes/PlayerInput.spec.ts",
    "tests/server/requestProcessor.spec.ts",
    "tests/server/server/SentryProcessBoundary.spec.ts",
    "tests/server/server/SentryReporter.spec.ts"
  ],
  "new_modules": [
    "scripts/lib/TmSentryRelease.ps1",
    "scripts/lib/tm_sentry_release_remote.py",
    "scripts/report_tm_sentry_release.ps1",
    "scripts/test_tm_sentry_release.ps1",
    "scripts/tests/test_tm_sentry_release_remote.py",
    "src/server/server/SentryProcessBoundary.ts",
    "src/server/server/SentryReporter.ts",
    "tests/server/server/SentryProcessBoundary.spec.ts",
    "tests/server/server/SentryReporter.spec.ts"
  ],
  "removed_modules": [],
  "comparison": "Карта отражает полный staging release flow: preflight, deploy, smoke, post-snapshot и идемпотентную Sentry release/deploy публикацию; fingerprint относится к исходникам, scripts и тестам, а не к самим codemap-файлам."
}
